
Microsoft Visual Studio Solution File, Format Version 12.00
# Visual Studio 15
VisualStudioVersion = 15.0.27130.2010
MinimumVisualStudioVersion = 10.0.40219.1
Project("{FAE04EC0-301F-11D3-BF4B-00C04F79EFBC}") = "SchwiftyEngine", "SchwiftyEngine\SchwiftyEngine.csproj", "{745255E5-F2D2-48D2-AC0B-3EB1F4FD313B}"
EndProject
Project("{FAE04EC0-301F-11D3-BF4B-00C04F79EFBC}") = "TestGame", "TestGame\TestGame.csproj", "{EEC64F12-C1A9-40E9-AA78-5ACC78913D52}"
	ProjectSection(ProjectDependencies) = postProject
		{745255E5-F2D2-48D2-AC0B-3EB1F4FD313B} = {745255E5-F2D2-48D2-AC0B-3EB1F4FD313B}
	EndProjectSection
EndProject
Project("{FAE04EC0-301F-11D3-BF4B-00C04F79EFBC}") = "SchwiftyUI", "SchwiftyUI\SchwiftyUI.csproj", "{76168DC0-F00D-4C0B-ADDD-B8EEB2BAEDD2}"
	ProjectSection(ProjectDependencies) = postProject
		{745255E5-F2D2-48D2-AC0B-3EB1F4FD313B} = {745255E5-F2D2-48D2-AC0B-3EB1F4FD313B}
	EndProjectSection
EndProject
Global
	GlobalSection(SolutionConfigurationPlatforms) = preSolution
		Debug|Any CPU = Debug|Any CPU
		Release|Any CPU = Release|Any CPU
	EndGlobalSection
	GlobalSection(ProjectConfigurationPlatforms) = postSolution
		{745255E5-F2D2-48D2-AC0B-3EB1F4FD313B}.Debug|Any CPU.ActiveCfg = Debug|Any CPU
		{745255E5-F2D2-48D2-AC0B-3EB1F4FD313B}.Debug|Any CPU.Build.0 = Debug|Any CPU
		{745255E5-F2D2-48D2-AC0B-3EB1F4FD313B}.Release|Any CPU.ActiveCfg = Release|Any CPU
		{745255E5-F2D2-48D2-AC0B-3EB1F4FD313B}.Release|Any CPU.Build.0 = Release|Any CPU
		{EEC64F12-C1A9-40E9-AA78-5ACC78913D52}.Debug|Any CPU.ActiveCfg = Debug|Any CPU
		{EEC64F12-C1A9-40E9-AA78-5ACC78913D52}.Debug|Any CPU.Build.0 = Debug|Any CPU
		{EEC64F12-C1A9-40E9-AA78-5ACC78913D52}.Release|Any CPU.ActiveCfg = Release|Any CPU
		{EEC64F12-C1A9-40E9-AA78-5ACC78913D52}.Release|Any CPU.Build.0 = Release|Any CPU
		{76168DC0-F00D-4C0B-ADDD-B8EEB2BAEDD2}.Debug|Any CPU.ActiveCfg = Debug|Any CPU
		{76168DC0-F00D-4C0B-ADDD-B8EEB2BAEDD2}.Debug|Any CPU.Build.0 = Debug|Any CPU
		{76168DC0-F00D-4C0B-ADDD-B8EEB2BAEDD2}.Release|Any CPU.ActiveCfg = Release|Any CPU
		{76168DC0-F00D-4C0B-ADDD-B8EEB2BAEDD2}.Release|Any CPU.Build.0 = Release|Any CPU
	EndGlobalSection
	GlobalSection(SolutionProperties) = preSolution
		HideSolutionNode = FALSE
	EndGlobalSection
	GlobalSection(ExtensibilityGlobals) = postSolution
		SolutionGuid = {55B2442C-B1E8-4E02-A011-2A3392CF17D3}
	EndGlobalSection
EndGlobal
